
Microsoft Visual Studio Solution File, Format Version 12.00
# Visual Studio Version 17
VisualStudioVersion = 17.3.32929.385
MinimumVisualStudioVersion = 10.0.40219.1
Project("{FAE04EC0-301F-11D3-BF4B-00C04F79EFBC}") = "PowerOffice_1", "PowerOffice_1\PowerOffice_1.csproj", "{7C922E29-4F26-40AE-BC6D-E219F443DBD3}"
EndProject
Project("{FAE04EC0-301F-11D3-BF4B-00C04F79EFBC}") = "PowerOfficeTests", "PowerOfficeTests\PowerOfficeTests.csproj", "{09218F93-28A1-4A3F-9D8C-2AFC4127B532}"
EndProject
Project("{FAE04EC0-301F-11D3-BF4B-00C04F79EFBC}") = "PowerOffice_2", "PowerOffice_2\PowerOffice_2.csproj", "{613E9C13-F2D4-4FDA-8455-EC9F85D34121}"
EndProject
Global
	GlobalSection(SolutionConfigurationPlatforms) = preSolution
		Debug|Any CPU = Debug|Any CPU
		Release|Any CPU = Release|Any CPU
	EndGlobalSection
	GlobalSection(ProjectConfigurationPlatforms) = postSolution
		{7C922E29-4F26-40AE-BC6D-E219F443DBD3}.Debug|Any CPU.ActiveCfg = Debug|Any CPU
		{7C922E29-4F26-40AE-BC6D-E219F443DBD3}.Debug|Any CPU.Build.0 = Debug|Any CPU
		{7C922E29-4F26-40AE-BC6D-E219F443DBD3}.Release|Any CPU.ActiveCfg = Release|Any CPU
		{7C922E29-4F26-40AE-BC6D-E219F443DBD3}.Release|Any CPU.Build.0 = Release|Any CPU
		{09218F93-28A1-4A3F-9D8C-2AFC4127B532}.Debug|Any CPU.ActiveCfg = Debug|Any CPU
		{09218F93-28A1-4A3F-9D8C-2AFC4127B532}.Debug|Any CPU.Build.0 = Debug|Any CPU
		{09218F93-28A1-4A3F-9D8C-2AFC4127B532}.Release|Any CPU.ActiveCfg = Release|Any CPU
		{09218F93-28A1-4A3F-9D8C-2AFC4127B532}.Release|Any CPU.Build.0 = Release|Any CPU
		{613E9C13-F2D4-4FDA-8455-EC9F85D34121}.Debug|Any CPU.ActiveCfg = Debug|Any CPU
		{613E9C13-F2D4-4FDA-8455-EC9F85D34121}.Debug|Any CPU.Build.0 = Debug|Any CPU
		{613E9C13-F2D4-4FDA-8455-EC9F85D34121}.Release|Any CPU.ActiveCfg = Release|Any CPU
		{613E9C13-F2D4-4FDA-8455-EC9F85D34121}.Release|Any CPU.Build.0 = Release|Any CPU
	EndGlobalSection
	GlobalSection(SolutionProperties) = preSolution
		HideSolutionNode = FALSE
	EndGlobalSection
	GlobalSection(ExtensibilityGlobals) = postSolution
		SolutionGuid = {638BC803-A948-441C-9C8D-AEC72616FDDD}
	EndGlobalSection
EndGlobal
